
Microsoft Visual Studio Solution File, Format Version 12.00
# Visual Studio Version 17
VisualStudioVersion = 17.10.35004.147
MinimumVisualStudioVersion = 10.0.40219.1
Project("{FAE04EC0-301F-11D3-BF4B-00C04F79EFBC}") = "BookstoreMicroservice", "BookstoreMicroservice.csproj", "{A6647A0B-BB48-4955-8CCE-7FFBAF27BFDB}"
EndProject
Global
	GlobalSection(SolutionConfigurationPlatforms) = preSolution
		Debug|Any CPU = Debug|Any CPU
		Release|Any CPU = Release|Any CPU
	EndGlobalSection
	GlobalSection(ProjectConfigurationPlatforms) = postSolution
		{A6647A0B-BB48-4955-8CCE-7FFBAF27BFDB}.Debug|Any CPU.ActiveCfg = Debug|Any CPU
		{A6647A0B-BB48-4955-8CCE-7FFBAF27BFDB}.Debug|Any CPU.Build.0 = Debug|Any CPU
		{A6647A0B-BB48-4955-8CCE-7FFBAF27BFDB}.Release|Any CPU.ActiveCfg = Release|Any CPU
		{A6647A0B-BB48-4955-8CCE-7FFBAF27BFDB}.Release|Any CPU.Build.0 = Release|Any CPU
	EndGlobalSection
	GlobalSection(SolutionProperties) = preSolution
		HideSolutionNode = FALSE
	EndGlobalSection
	GlobalSection(ExtensibilityGlobals) = postSolution
		SolutionGuid = {BC6E0E2A-AA20-42FD-AFBB-517F19510FC1}
	EndGlobalSection
EndGlobal
